
Microsoft Visual Studio Solution File, Format Version 12.00
# Visual Studio for Mac
Project("{FAE04EC0-301F-11D3-BF4B-00C04F79EFBC}") = "Mecha Heroes", "Assembly-CSharp.csproj", "{963ABA11-7F79-174C-2D80-477A0810854E}"
EndProject
Project("{FAE04EC0-301F-11D3-BF4B-00C04F79EFBC}") = "Mecha Heroes", "Assembly-CSharp-Editor.csproj", "{8420F28B-8C17-A268-5F67-1786C456EB70}"
EndProject
Global
	GlobalSection(SolutionConfigurationPlatforms) = preSolution
		Debug|Any CPU = Debug|Any CPU
		Release|Any CPU = Release|Any CPU
	EndGlobalSection
	GlobalSection(ProjectConfigurationPlatforms) = postSolution
		{963ABA11-7F79-174C-2D80-477A0810854E}.Debug|Any CPU.ActiveCfg = Debug|Any CPU
		{963ABA11-7F79-174C-2D80-477A0810854E}.Debug|Any CPU.Build.0 = Debug|Any CPU
		{963ABA11-7F79-174C-2D80-477A0810854E}.Release|Any CPU.ActiveCfg = Release|Any CPU
		{963ABA11-7F79-174C-2D80-477A0810854E}.Release|Any CPU.Build.0 = Release|Any CPU
		{8420F28B-8C17-A268-5F67-1786C456EB70}.Debug|Any CPU.ActiveCfg = Debug|Any CPU
		{8420F28B-8C17-A268-5F67-1786C456EB70}.Debug|Any CPU.Build.0 = Debug|Any CPU
		{8420F28B-8C17-A268-5F67-1786C456EB70}.Release|Any CPU.ActiveCfg = Release|Any CPU
		{8420F28B-8C17-A268-5F67-1786C456EB70}.Release|Any CPU.Build.0 = Release|Any CPU
	EndGlobalSection
	GlobalSection(SolutionProperties) = preSolution
		HideSolutionNode = FALSE
	EndGlobalSection
EndGlobal
